// !$*UTF8*$!
{
	archiveVersion = 1;
	classes = {
	};
	objectVersion = 55;
	objects = {

/* Begin PBXBuildFile section */
		684754CE47FEC52B5CBD43F5 /* Pods_Expense_Tracker.framework in Frameworks */ = {isa = PBXBuildFile; fileRef = D2C074297A095E28D642536B /* Pods_Expense_Tracker.framework */; };
		FF4A2A4B276DD1C500602E30 /* AppDelegate.swift in Sources */ = {isa = PBXBuildFile; fileRef = FF4A2A4A276DD1C500602E30 /* AppDelegate.swift */; };
		FF4A2A4D276DD1C500602E30 /* SceneDelegate.swift in Sources */ = {isa = PBXBuildFile; fileRef = FF4A2A4C276DD1C500602E30 /* SceneDelegate.swift */; };
		FF4A2A54276DD1C700602E30 /* Assets.xcassets in Resources */ = {isa = PBXBuildFile; fileRef = FF4A2A53276DD1C700602E30 /* Assets.xcassets */; };
		FF4A2A57276DD1C700602E30 /* LaunchScreen.storyboard in Resources */ = {isa = PBXBuildFile; fileRef = FF4A2A55276DD1C700602E30 /* LaunchScreen.storyboard */; };
		FF4A2A61276DECFF00602E30 /* Login.storyboard in Resources */ = {isa = PBXBuildFile; fileRef = FF4A2A60276DECFF00602E30 /* Login.storyboard */; };
		FF4A2A64276DED4E00602E30 /* SigninViewController.swift in Sources */ = {isa = PBXBuildFile; fileRef = FF4A2A63276DED4E00602E30 /* SigninViewController.swift */; };
		FF4A2A66276DED6100602E30 /* SignupViewController.swift in Sources */ = {isa = PBXBuildFile; fileRef = FF4A2A65276DED6100602E30 /* SignupViewController.swift */; };
		FF5D8874276DF2DE00EFA568 /* AppStoryboard.swift in Sources */ = {isa = PBXBuildFile; fileRef = FF5D8873276DF2DE00EFA568 /* AppStoryboard.swift */; };
		FF5D8877276DF30B00EFA568 /* UIApplication.swift in Sources */ = {isa = PBXBuildFile; fileRef = FF5D8876276DF30B00EFA568 /* UIApplication.swift */; };
		FF5D8879276DF4C200EFA568 /* UIViewController.swift in Sources */ = {isa = PBXBuildFile; fileRef = FF5D8878276DF4C200EFA568 /* UIViewController.swift */; };
		FF5D887B276E03D200EFA568 /* GoogleService-Info.plist in Resources */ = {isa = PBXBuildFile; fileRef = FF5D887A276E03D200EFA568 /* GoogleService-Info.plist */; };
		FF5D887E276E046D00EFA568 /* Home.storyboard in Resources */ = {isa = PBXBuildFile; fileRef = FF5D887D276E046D00EFA568 /* Home.storyboard */; };
		FF5D8881276E049600EFA568 /* HomeViewController.swift in Sources */ = {isa = PBXBuildFile; fileRef = FF5D8880276E049600EFA568 /* HomeViewController.swift */; };
		FFBCCF5D276F2A9E00C298FC /* User.swift in Sources */ = {isa = PBXBuildFile; fileRef = FFBCCF5C276F2A9E00C298FC /* User.swift */; };
		FFBCCF5F276F2ACB00C298FC /* Transaction.swift in Sources */ = {isa = PBXBuildFile; fileRef = FFBCCF5E276F2ACB00C298FC /* Transaction.swift */; };
		FFBCCF61276F2F4500C298FC /* NetworkStatus.swift in Sources */ = {isa = PBXBuildFile; fileRef = FFBCCF60276F2F4500C298FC /* NetworkStatus.swift */; };
		FFBCCF63276F48DA00C298FC /* RaisedTabBarViewController.swift in Sources */ = {isa = PBXBuildFile; fileRef = FFBCCF62276F48DA00C298FC /* RaisedTabBarViewController.swift */; };
		FFBCCF65276F490700C298FC /* String.swift in Sources */ = {isa = PBXBuildFile; fileRef = FFBCCF64276F490700C298FC /* String.swift */; };
		FFBCCF67276F491F00C298FC /* Date.swift in Sources */ = {isa = PBXBuildFile; fileRef = FFBCCF66276F491F00C298FC /* Date.swift */; };
		FFBCCF69276F496A00C298FC /* Model+Extension.swift in Sources */ = {isa = PBXBuildFile; fileRef = FFBCCF68276F496A00C298FC /* Model+Extension.swift */; };
		FFBCCF6C276F4AA900C298FC /* Model.swift in Sources */ = {isa = PBXBuildFile; fileRef = FFBCCF6B276F4AA900C298FC /* Model.swift */; };
		FFBCCF6E276F4AF600C298FC /* MonthlyData.swift in Sources */ = {isa = PBXBuildFile; fileRef = FFBCCF6D276F4AF600C298FC /* MonthlyData.swift */; };
		FFBCCF72276F4C2100C298FC /* transactionDataTableViewCell.xib in Resources */ = {isa = PBXBuildFile; fileRef = FFBCCF71276F4C2100C298FC /* transactionDataTableViewCell.xib */; };
		FFBCCF74276F4C5B00C298FC /* transactionDataTableViewCell.swift in Sources */ = {isa = PBXBuildFile; fileRef = FFBCCF73276F4C5B00C298FC /* transactionDataTableViewCell.swift */; };
		FFBCCF76276F4CAD00C298FC /* AddTransactionViewController.swift in Sources */ = {isa = PBXBuildFile; fileRef = FFBCCF75276F4CAD00C298FC /* AddTransactionViewController.swift */; };
		FFBCCF78276F4D2300C298FC /* ExpenseCategoryViewController.swift in Sources */ = {isa = PBXBuildFile; fileRef = FFBCCF77276F4D2300C298FC /* ExpenseCategoryViewController.swift */; };
		FFBCCF7A276F4D3C00C298FC /* IncomeCategoryViewController.swift in Sources */ = {isa = PBXBuildFile; fileRef = FFBCCF79276F4D3C00C298FC /* IncomeCategoryViewController.swift */; };
		FFBCCF7C276F4DCF00C298FC /* ChartViewController.swift in Sources */ = {isa = PBXBuildFile; fileRef = FFBCCF7B276F4DCF00C298FC /* ChartViewController.swift */; };
/* End PBXBuildFile section */

/* Begin PBXFileReference section */
		4251AE70804CF4BA4859A0A9 /* Pods-Expense Tracker.release.xcconfig */ = {isa = PBXFileReference; includeInIndex = 1; lastKnownFileType = text.xcconfig; name = "Pods-Expense Tracker.release.xcconfig"; path = "Target Support Files/Pods-Expense Tracker/Pods-Expense Tracker.release.xcconfig"; sourceTree = "<group>"; };
		8F2816EE792B9CA54ACD5584 /* Pods-Expense Tracker.debug.xcconfig */ = {isa = PBXFileReference; includeInIndex = 1; lastKnownFileType = text.xcconfig; name = "Pods-Expense Tracker.debug.xcconfig"; path = "Target Support Files/Pods-Expense Tracker/Pods-Expense Tracker.debug.xcconfig"; sourceTree = "<group>"; };
		D2C074297A095E28D642536B /* Pods_Expense_Tracker.framework */ = {isa = PBXFileReference; explicitFileType = wrapper.framework; includeInIndex = 0; path = Pods_Expense_Tracker.framework; sourceTree = BUILT_PRODUCTS_DIR; };
		FF4A2A47276DD1C500602E30 /* Expense Tracker.app */ = {isa = PBXFileReference; explicitFileType = wrapper.application; includeInIndex = 0; path = "Expense Tracker.app"; sourceTree = BUILT_PRODUCTS_DIR; };
		FF4A2A4A276DD1C500602E30 /* AppDelegate.swift */ = {isa = PBXFileReference; lastKnownFileType = sourcecode.swift; path = AppDelegate.swift; sourceTree = "<group>"; };
		FF4A2A4C276DD1C500602E30 /* SceneDelegate.swift */ = {isa = PBXFileReference; lastKnownFileType = sourcecode.swift; path = SceneDelegate.swift; sourceTree = "<group>"; };
		FF4A2A53276DD1C700602E30 /* Assets.xcassets */ = {isa = PBXFileReference; lastKnownFileType = folder.assetcatalog; path = Assets.xcassets; sourceTree = "<group>"; };
		FF4A2A56276DD1C700602E30 /* Base */ = {isa = PBXFileReference; lastKnownFileType = file.storyboard; name = Base; path = Base.lproj/LaunchScreen.storyboard; sourceTree = "<group>"; };
		FF4A2A58276DD1C700602E30 /* Info.plist */ = {isa = PBXFileReference; lastKnownFileType = text.plist.xml; path = Info.plist; sourceTree = "<group>"; };
		FF4A2A60276DECFF00602E30 /* Login.storyboard */ = {isa = PBXFileReference; lastKnownFileType = file.storyboard; path = Login.storyboard; sourceTree = "<group>"; };
		FF4A2A63276DED4E00602E30 /* SigninViewController.swift */ = {isa = PBXFileReference; lastKnownFileType = sourcecode.swift; path = SigninViewController.swift; sourceTree = "<group>"; };
		FF4A2A65276DED6100602E30 /* SignupViewController.swift */ = {isa = PBXFileReference; lastKnownFileType = sourcecode.swift; path = SignupViewController.swift; sourceTree = "<group>"; };
		FF5D8873276DF2DE00EFA568 /* AppStoryboard.swift */ = {isa = PBXFileReference; lastKnownFileType = sourcecode.swift; path = AppStoryboard.swift; sourceTree = "<group>"; };
		FF5D8876276DF30B00EFA568 /* UIApplication.swift */ = {isa = PBXFileReference; lastKnownFileType = sourcecode.swift; path = UIApplication.swift; sourceTree = "<group>"; };
		FF5D8878276DF4C200EFA568 /* UIViewController.swift */ = {isa = PBXFileReference; lastKnownFileType = sourcecode.swift; path = UIViewController.swift; sourceTree = "<group>"; };
		FF5D887A276E03D200EFA568 /* GoogleService-Info.plist */ = {isa = PBXFileReference; fileEncoding = 4; lastKnownFileType = text.plist.xml; path = "GoogleService-Info.plist"; sourceTree = "<group>"; };
		FF5D887D276E046D00EFA568 /* Home.storyboard */ = {isa = PBXFileReference; lastKnownFileType = file.storyboard; path = Home.storyboard; sourceTree = "<group>"; };
		FF5D8880276E049600EFA568 /* HomeViewController.swift */ = {isa = PBXFileReference; lastKnownFileType = sourcecode.swift; path = HomeViewController.swift; sourceTree = "<group>"; };
		FFBCCF5C276F2A9E00C298FC /* User.swift */ = {isa = PBXFileReference; lastKnownFileType = sourcecode.swift; path = User.swift; sourceTree = "<group>"; };
		FFBCCF5E276F2ACB00C298FC /* Transaction.swift */ = {isa = PBXFileReference; lastKnownFileType = sourcecode.swift; path = Transaction.swift; sourceTree = "<group>"; };
		FFBCCF60276F2F4500C298FC /* NetworkStatus.swift */ = {isa = PBXFileReference; lastKnownFileType = sourcecode.swift; path = NetworkStatus.swift; sourceTree = "<group>"; };
		FFBCCF62276F48DA00C298FC /* RaisedTabBarViewController.swift */ = {isa = PBXFileReference; lastKnownFileType = sourcecode.swift; path = RaisedTabBarViewController.swift; sourceTree = "<group>"; };
		FFBCCF64276F490700C298FC /* String.swift */ = {isa = PBXFileReference; lastKnownFileType = sourcecode.swift; path = String.swift; sourceTree = "<group>"; };
		FFBCCF66276F491F00C298FC /* Date.swift */ = {isa = PBXFileReference; lastKnownFileType = sourcecode.swift; path = Date.swift; sourceTree = "<group>"; };
		FFBCCF68276F496A00C298FC /* Model+Extension.swift */ = {isa = PBXFileReference; lastKnownFileType = sourcecode.swift; path = "Model+Extension.swift"; sourceTree = "<group>"; };
		FFBCCF6B276F4AA900C298FC /* Model.swift */ = {isa = PBXFileReference; lastKnownFileType = sourcecode.swift; path = Model.swift; sourceTree = "<group>"; };
		FFBCCF6D276F4AF600C298FC /* MonthlyData.swift */ = {isa = PBXFileReference; lastKnownFileType = sourcecode.swift; path = MonthlyData.swift; sourceTree = "<group>"; };
		FFBCCF71276F4C2100C298FC /* transactionDataTableViewCell.xib */ = {isa = PBXFileReference; lastKnownFileType = file.xib; path = transactionDataTableViewCell.xib; sourceTree = "<group>"; };
		FFBCCF73276F4C5B00C298FC /* transactionDataTableViewCell.swift */ = {isa = PBXFileReference; lastKnownFileType = sourcecode.swift; path = transactionDataTableViewCell.swift; sourceTree = "<group>"; };
		FFBCCF75276F4CAD00C298FC /* AddTransactionViewController.swift */ = {isa = PBXFileReference; lastKnownFileType = sourcecode.swift; path = AddTransactionViewController.swift; sourceTree = "<group>"; };
		FFBCCF77276F4D2300C298FC /* ExpenseCategoryViewController.swift */ = {isa = PBXFileReference; lastKnownFileType = sourcecode.swift; path = ExpenseCategoryViewController.swift; sourceTree = "<group>"; };
		FFBCCF79276F4D3C00C298FC /* IncomeCategoryViewController.swift */ = {isa = PBXFileReference; lastKnownFileType = sourcecode.swift; path = IncomeCategoryViewController.swift; sourceTree = "<group>"; };
		FFBCCF7B276F4DCF00C298FC /* ChartViewController.swift */ = {isa = PBXFileReference; lastKnownFileType = sourcecode.swift; path = ChartViewController.swift; sourceTree = "<group>"; };
/* End PBXFileReference section */

/* Begin PBXFrameworksBuildPhase section */
		FF4A2A44276DD1C500602E30 /* Frameworks */ = {
			isa = PBXFrameworksBuildPhase;
			buildActionMask = 2147483647;
			files = (
				684754CE47FEC52B5CBD43F5 /* Pods_Expense_Tracker.framework in Frameworks */,
			);
			runOnlyForDeploymentPostprocessing = 0;
		};
/* End PBXFrameworksBuildPhase section */

/* Begin PBXGroup section */
		9ACA6C9ED2AF231A0A83897D /* Frameworks */ = {
			isa = PBXGroup;
			children = (
				D2C074297A095E28D642536B /* Pods_Expense_Tracker.framework */,
			);
			name = Frameworks;
			sourceTree = "<group>";
		};
		ED230E757C7C60D5D644D962 /* Pods */ = {
			isa = PBXGroup;
			children = (
				8F2816EE792B9CA54ACD5584 /* Pods-Expense Tracker.debug.xcconfig */,
				4251AE70804CF4BA4859A0A9 /* Pods-Expense Tracker.release.xcconfig */,
			);
			path = Pods;
			sourceTree = "<group>";
		};
		FF4A2A3E276DD1C500602E30 = {
			isa = PBXGroup;
			children = (
				FF4A2A49276DD1C500602E30 /* Expense Tracker */,
				FF4A2A48276DD1C500602E30 /* Products */,
				ED230E757C7C60D5D644D962 /* Pods */,
				9ACA6C9ED2AF231A0A83897D /* Frameworks */,
			);
			sourceTree = "<group>";
		};
		FF4A2A48276DD1C500602E30 /* Products */ = {
			isa = PBXGroup;
			children = (
				FF4A2A47276DD1C500602E30 /* Expense Tracker.app */,
			);
			name = Products;
			sourceTree = "<group>";
		};
		FF4A2A49276DD1C500602E30 /* Expense Tracker */ = {
			isa = PBXGroup;
			children = (
				FF5D887A276E03D200EFA568 /* GoogleService-Info.plist */,
				FF4A2A68276DEFF900602E30 /* App */,
				FFBCCF54276F1AE900C298FC /* Common */,
				FFBCCF59276F264B00C298FC /* Model */,
				FF4A2A5E276DEC8D00602E30 /* Login */,
				FF4A2A69276DF00700602E30 /* Home */,
			);
			path = "Expense Tracker";
			sourceTree = "<group>";
		};
		FF4A2A5E276DEC8D00602E30 /* Login */ = {
			isa = PBXGroup;
			children = (
				FF4A2A62276DED1000602E30 /* Controllers */,
				FF4A2A5F276DECE100602E30 /* View */,
			);
			path = Login;
			sourceTree = "<group>";
		};
		FF4A2A5F276DECE100602E30 /* View */ = {
			isa = PBXGroup;
			children = (
				FF4A2A60276DECFF00602E30 /* Login.storyboard */,
			);
			path = View;
			sourceTree = "<group>";
		};
		FF4A2A62276DED1000602E30 /* Controllers */ = {
			isa = PBXGroup;
			children = (
				FF4A2A63276DED4E00602E30 /* SigninViewController.swift */,
				FF4A2A65276DED6100602E30 /* SignupViewController.swift */,
			);
			path = Controllers;
			sourceTree = "<group>";
		};
		FF4A2A68276DEFF900602E30 /* App */ = {
			isa = PBXGroup;
			children = (
				FF4A2A4A276DD1C500602E30 /* AppDelegate.swift */,
				FF4A2A4C276DD1C500602E30 /* SceneDelegate.swift */,
				FF4A2A53276DD1C700602E30 /* Assets.xcassets */,
				FF4A2A55276DD1C700602E30 /* LaunchScreen.storyboard */,
				FF4A2A58276DD1C700602E30 /* Info.plist */,
				FF5D8873276DF2DE00EFA568 /* AppStoryboard.swift */,
			);
			path = App;
			sourceTree = "<group>";
		};
		FF4A2A69276DF00700602E30 /* Home */ = {
			isa = PBXGroup;
			children = (
				FF5D887F276E047400EFA568 /* Controllers */,
				FF5D887C276E045800EFA568 /* View */,
			);
			path = Home;
			sourceTree = "<group>";
		};
		FF5D8875276DF2F200EFA568 /* Extension */ = {
			isa = PBXGroup;
			children = (
				FF5D8876276DF30B00EFA568 /* UIApplication.swift */,
				FF5D8878276DF4C200EFA568 /* UIViewController.swift */,
				FFBCCF64276F490700C298FC /* String.swift */,
				FFBCCF66276F491F00C298FC /* Date.swift */,
				FFBCCF68276F496A00C298FC /* Model+Extension.swift */,
			);
			path = Extension;
			sourceTree = "<group>";
		};
		FF5D887C276E045800EFA568 /* View */ = {
			isa = PBXGroup;
			children = (
				FF5D887D276E046D00EFA568 /* Home.storyboard */,
				FFBCCF71276F4C2100C298FC /* transactionDataTableViewCell.xib */,
				FFBCCF73276F4C5B00C298FC /* transactionDataTableViewCell.swift */,
			);
			path = View;
			sourceTree = "<group>";
		};
		FF5D887F276E047400EFA568 /* Controllers */ = {
			isa = PBXGroup;
			children = (
				FF5D8880276E049600EFA568 /* HomeViewController.swift */,
				FFBCCF62276F48DA00C298FC /* RaisedTabBarViewController.swift */,
				FFBCCF75276F4CAD00C298FC /* AddTransactionViewController.swift */,
				FFBCCF77276F4D2300C298FC /* ExpenseCategoryViewController.swift */,
				FFBCCF79276F4D3C00C298FC /* IncomeCategoryViewController.swift */,
				FFBCCF7B276F4DCF00C298FC /* ChartViewController.swift */,
			);
			path = Controllers;
			sourceTree = "<group>";
		};
		FFBCCF54276F1AE900C298FC /* Common */ = {
			isa = PBXGroup;
			children = (
				FFBCCF6A276F4A9D00C298FC /* Enum */,
				FF5D8875276DF2F200EFA568 /* Extension */,
				FFBCCF60276F2F4500C298FC /* NetworkStatus.swift */,
			);
			path = Common;
			sourceTree = "<group>";
		};
		FFBCCF59276F264B00C298FC /* Model */ = {
			isa = PBXGroup;
			children = (
				FFBCCF5C276F2A9E00C298FC /* User.swift */,
				FFBCCF5E276F2ACB00C298FC /* Transaction.swift */,
				FFBCCF6D276F4AF600C298FC /* MonthlyData.swift */,
			);
			path = Model;
			sourceTree = "<group>";
		};
		FFBCCF6A276F4A9D00C298FC /* Enum */ = {
			isa = PBXGroup;
			children = (
				FFBCCF6B276F4AA900C298FC /* Model.swift */,
			);
			path = Enum;
			sourceTree = "<group>";
		};
/* End PBXGroup section */

/* Begin PBXNativeTarget section */
		FF4A2A46276DD1C500602E30 /* Expense Tracker */ = {
			isa = PBXNativeTarget;
			buildConfigurationList = FF4A2A5B276DD1C700602E30 /* Build configuration list for PBXNativeTarget "Expense Tracker" */;
			buildPhases = (
				0085C890E43C32E0802FF7AC /* [CP] Check Pods Manifest.lock */,
				FF4A2A43276DD1C500602E30 /* Sources */,
				FF4A2A44276DD1C500602E30 /* Frameworks */,
				FF4A2A45276DD1C500602E30 /* Resources */,
				E8A677F6241C9DD81C888457 /* [CP] Embed Pods Frameworks */,
			);
			buildRules = (
			);
			dependencies = (
			);
			name = "Expense Tracker";
			productName = "Expense Tracker";
			productReference = FF4A2A47276DD1C500602E30 /* Expense Tracker.app */;
			productType = "com.apple.product-type.application";
		};
/* End PBXNativeTarget section */

/* Begin PBXProject section */
		FF4A2A3F276DD1C500602E30 /* Project object */ = {
			isa = PBXProject;
			attributes = {
				BuildIndependentTargetsInParallel = 1;
				LastSwiftUpdateCheck = 1310;
				LastUpgradeCheck = 1310;
				TargetAttributes = {
					FF4A2A46276DD1C500602E30 = {
						CreatedOnToolsVersion = 13.1;
					};
				};
			};
			buildConfigurationList = FF4A2A42276DD1C500602E30 /* Build configuration list for PBXProject "Expense Tracker" */;
			compatibilityVersion = "Xcode 13.0";
			developmentRegion = en;
			hasScannedForEncodings = 0;
			knownRegions = (
				en,
				Base,
			);
			mainGroup = FF4A2A3E276DD1C500602E30;
			productRefGroup = FF4A2A48276DD1C500602E30 /* Products */;
			projectDirPath = "";
			projectRoot = "";
			targets = (
				FF4A2A46276DD1C500602E30 /* Expense Tracker */,
			);
		};
/* End PBXProject section */

/* Begin PBXResourcesBuildPhase section */
		FF4A2A45276DD1C500602E30 /* Resources */ = {
			isa = PBXResourcesBuildPhase;
			buildActionMask = 2147483647;
			files = (
				FF4A2A61276DECFF00602E30 /* Login.storyboard in Resources */,
				FF5D887E276E046D00EFA568 /* Home.storyboard in Resources */,
				FFBCCF72276F4C2100C298FC /* transactionDataTableViewCell.xib in Resources */,
				FF4A2A57276DD1C700602E30 /* LaunchScreen.storyboard in Resources */,
				FF5D887B276E03D200EFA568 /* GoogleService-Info.plist in Resources */,
				FF4A2A54276DD1C700602E30 /* Assets.xcassets in Resources */,
			);
			runOnlyForDeploymentPostprocessing = 0;
		};
/* End PBXResourcesBuildPhase section */

/* Begin PBXShellScriptBuildPhase section */
		0085C890E43C32E0802FF7AC /* [CP] Check Pods Manifest.lock */ = {
			isa = PBXShellScriptBuildPhase;
			buildActionMask = 2147483647;
			files = (
			);
			inputFileListPaths = (
			);
			inputPaths = (
				"${PODS_PODFILE_DIR_PATH}/Podfile.lock",
				"${PODS_ROOT}/Manifest.lock",
			);
			name = "[CP] Check Pods Manifest.lock";
			outputFileListPaths = (
			);
			outputPaths = (
				"$(DERIVED_FILE_DIR)/Pods-Expense Tracker-checkManifestLockResult.txt",
			);
			runOnlyForDeploymentPostprocessing = 0;
			shellPath = /bin/sh;
			shellScript = "diff \"${PODS_PODFILE_DIR_PATH}/Podfile.lock\" \"${PODS_ROOT}/Manifest.lock\" > /dev/null\nif [ $? != 0 ] ; then\n    # print error to STDERR\n    echo \"error: The sandbox is not in sync with the Podfile.lock. Run 'pod install' or update your CocoaPods installation.\" >&2\n    exit 1\nfi\n# This output is used by Xcode 'outputs' to avoid re-running this script phase.\necho \"SUCCESS\" > \"${SCRIPT_OUTPUT_FILE_0}\"\n";
			showEnvVarsInLog = 0;
		};
		E8A677F6241C9DD81C888457 /* [CP] Embed Pods Frameworks */ = {
			isa = PBXShellScriptBuildPhase;
			buildActionMask = 2147483647;
			files = (
			);
			inputFileListPaths = (
				"${PODS_ROOT}/Target Support Files/Pods-Expense Tracker/Pods-Expense Tracker-frameworks-${CONFIGURATION}-input-files.xcfilelist",
			);
			name = "[CP] Embed Pods Frameworks";
			outputFileListPaths = (
				"${PODS_ROOT}/Target Support Files/Pods-Expense Tracker/Pods-Expense Tracker-frameworks-${CONFIGURATION}-output-files.xcfilelist",
			);
			runOnlyForDeploymentPostprocessing = 0;
			shellPath = /bin/sh;
			shellScript = "\"${PODS_ROOT}/Target Support Files/Pods-Expense Tracker/Pods-Expense Tracker-frameworks.sh\"\n";
			showEnvVarsInLog = 0;
		};
/* End PBXShellScriptBuildPhase section */

/* Begin PBXSourcesBuildPhase section */
		FF4A2A43276DD1C500602E30 /* Sources */ = {
			isa = PBXSourcesBuildPhase;
			buildActionMask = 2147483647;
			files = (
				FFBCCF69276F496A00C298FC /* Model+Extension.swift in Sources */,
				FF4A2A64276DED4E00602E30 /* SigninViewController.swift in Sources */,
				FFBCCF65276F490700C298FC /* String.swift in Sources */,
				FF5D8877276DF30B00EFA568 /* UIApplication.swift in Sources */,
				FF4A2A66276DED6100602E30 /* SignupViewController.swift in Sources */,
				FFBCCF5F276F2ACB00C298FC /* Transaction.swift in Sources */,
				FFBCCF61276F2F4500C298FC /* NetworkStatus.swift in Sources */,
				FFBCCF6C276F4AA900C298FC /* Model.swift in Sources */,
				FFBCCF7A276F4D3C00C298FC /* IncomeCategoryViewController.swift in Sources */,
				FFBCCF74276F4C5B00C298FC /* transactionDataTableViewCell.swift in Sources */,
				FFBCCF6E276F4AF600C298FC /* MonthlyData.swift in Sources */,
				FF5D8881276E049600EFA568 /* HomeViewController.swift in Sources */,
				FF4A2A4B276DD1C500602E30 /* AppDelegate.swift in Sources */,
				FFBCCF5D276F2A9E00C298FC /* User.swift in Sources */,
				FFBCCF67276F491F00C298FC /* Date.swift in Sources */,
				FFBCCF63276F48DA00C298FC /* RaisedTabBarViewController.swift in Sources */,
				FF5D8874276DF2DE00EFA568 /* AppStoryboard.swift in Sources */,
				FFBCCF76276F4CAD00C298FC /* AddTransactionViewController.swift in Sources */,
				FF5D8879276DF4C200EFA568 /* UIViewController.swift in Sources */,
				FF4A2A4D276DD1C500602E30 /* SceneDelegate.swift in Sources */,
				FFBCCF78276F4D2300C298FC /* ExpenseCategoryViewController.swift in Sources */,
				FFBCCF7C276F4DCF00C298FC /* ChartViewController.swift in Sources */,
			);
			runOnlyForDeploymentPostprocessing = 0;
		};
/* End PBXSourcesBuildPhase section */

/* Begin PBXVariantGroup section */
		FF4A2A55276DD1C700602E30 /* LaunchScreen.storyboard */ = {
			isa = PBXVariantGroup;
			children = (
				FF4A2A56276DD1C700602E30 /* Base */,
			);
			name = LaunchScreen.storyboard;
			sourceTree = "<group>";
		};
/* End PBXVariantGroup section */

/* Begin XCBuildConfiguration section */
		FF4A2A59276DD1C700602E30 /* Debug */ = {
			isa = XCBuildConfiguration;
			buildSettings = {
				ALWAYS_SEARCH_USER_PATHS = NO;
				CLANG_ANALYZER_NONNULL = YES;
				CLANG_ANALYZER_NUMBER_OBJECT_CONVERSION = YES_AGGRESSIVE;
				CLANG_CXX_LANGUAGE_STANDARD = "gnu++17";
				CLANG_CXX_LIBRARY = "libc++";
				CLANG_ENABLE_MODULES = YES;
				CLANG_ENABLE_OBJC_ARC = YES;
				CLANG_ENABLE_OBJC_WEAK = YES;
				CLANG_WARN_BLOCK_CAPTURE_AUTORELEASING = YES;
				CLANG_WARN_BOOL_CONVERSION = YES;
				CLANG_WARN_COMMA = YES;
				CLANG_WARN_CONSTANT_CONVERSION = YES;
				CLANG_WARN_DEPRECATED_OBJC_IMPLEMENTATIONS = YES;
				CLANG_WARN_DIRECT_OBJC_ISA_USAGE = YES_ERROR;
				CLANG_WARN_DOCUMENTATION_COMMENTS = YES;
				CLANG_WARN_EMPTY_BODY = YES;
				CLANG_WARN_ENUM_CONVERSION = YES;
				CLANG_WARN_INFINITE_RECURSION = YES;
				CLANG_WARN_INT_CONVERSION = YES;
				CLANG_WARN_NON_LITERAL_NULL_CONVERSION = YES;
				CLANG_WARN_OBJC_IMPLICIT_RETAIN_SELF = YES;
				CLANG_WARN_OBJC_LITERAL_CONVERSION = YES;
				CLANG_WARN_OBJC_ROOT_CLASS = YES_ERROR;
				CLANG_WARN_QUOTED_INCLUDE_IN_FRAMEWORK_HEADER = YES;
				CLANG_WARN_RANGE_LOOP_ANALYSIS = YES;
				CLANG_WARN_STRICT_PROTOTYPES = YES;
				CLANG_WARN_SUSPICIOUS_MOVE = YES;
				CLANG_WARN_UNGUARDED_AVAILABILITY = YES_AGGRESSIVE;
				CLANG_WARN_UNREACHABLE_CODE = YES;
				CLANG_WARN__DUPLICATE_METHOD_MATCH = YES;
				COPY_PHASE_STRIP = NO;
				DEBUG_INFORMATION_FORMAT = dwarf;
				ENABLE_STRICT_OBJC_MSGSEND = YES;
				ENABLE_TESTABILITY = YES;
				GCC_C_LANGUAGE_STANDARD = gnu11;
				GCC_DYNAMIC_NO_PIC = NO;
				GCC_NO_COMMON_BLOCKS = YES;
				GCC_OPTIMIZATION_LEVEL = 0;
				GCC_PREPROCESSOR_DEFINITIONS = (
					"DEBUG=1",
					"$(inherited)",
				);
				GCC_WARN_64_TO_32_BIT_CONVERSION = YES;
				GCC_WARN_ABOUT_RETURN_TYPE = YES_ERROR;
				GCC_WARN_UNDECLARED_SELECTOR = YES;
				GCC_WARN_UNINITIALIZED_AUTOS = YES_AGGRESSIVE;
				GCC_WARN_UNUSED_FUNCTION = YES;
				GCC_WARN_UNUSED_VARIABLE = YES;
				IPHONEOS_DEPLOYMENT_TARGET = 12.0;
				MTL_ENABLE_DEBUG_INFO = INCLUDE_SOURCE;
				MTL_FAST_MATH = YES;
				ONLY_ACTIVE_ARCH = YES;
				SDKROOT = iphoneos;
				SWIFT_ACTIVE_COMPILATION_CONDITIONS = DEBUG;
				SWIFT_OPTIMIZATION_LEVEL = "-Onone";
			};
			name = Debug;
		};
		FF4A2A5A276DD1C700602E30 /* Release */ = {
			isa = XCBuildConfiguration;
			buildSettings = {
				ALWAYS_SEARCH_USER_PATHS = NO;
				CLANG_ANALYZER_NONNULL = YES;
				CLANG_ANALYZER_NUMBER_OBJECT_CONVERSION = YES_AGGRESSIVE;
				CLANG_CXX_LANGUAGE_STANDARD = "gnu++17";
				CLANG_CXX_LIBRARY = "libc++";
				CLANG_ENABLE_MODULES = YES;
				CLANG_ENABLE_OBJC_ARC = YES;
				CLANG_ENABLE_OBJC_WEAK = YES;
				CLANG_WARN_BLOCK_CAPTURE_AUTORELEASING = YES;
				CLANG_WARN_BOOL_CONVERSION = YES;
				CLANG_WARN_COMMA = YES;
				CLANG_WARN_CONSTANT_CONVERSION = YES;
				CLANG_WARN_DEPRECATED_OBJC_IMPLEMENTATIONS = YES;
				CLANG_WARN_DIRECT_OBJC_ISA_USAGE = YES_ERROR;
				CLANG_WARN_DOCUMENTATION_COMMENTS = YES;
				CLANG_WARN_EMPTY_BODY = YES;
				CLANG_WARN_ENUM_CONVERSION = YES;
				CLANG_WARN_INFINITE_RECURSION = YES;
				CLANG_WARN_INT_CONVERSION = YES;
				CLANG_WARN_NON_LITERAL_NULL_CONVERSION = YES;
				CLANG_WARN_OBJC_IMPLICIT_RETAIN_SELF = YES;
				CLANG_WARN_OBJC_LITERAL_CONVERSION = YES;
				CLANG_WARN_OBJC_ROOT_CLASS = YES_ERROR;
				CLANG_WARN_QUOTED_INCLUDE_IN_FRAMEWORK_HEADER = YES;
				CLANG_WARN_RANGE_LOOP_ANALYSIS = YES;
				CLANG_WARN_STRICT_PROTOTYPES = YES;
				CLANG_WARN_SUSPICIOUS_MOVE = YES;
				CLANG_WARN_UNGUARDED_AVAILABILITY = YES_AGGRESSIVE;
				CLANG_WARN_UNREACHABLE_CODE = YES;
				CLANG_WARN__DUPLICATE_METHOD_MATCH = YES;
				COPY_PHASE_STRIP = NO;
				DEBUG_INFORMATION_FORMAT = "dwarf-with-dsym";
				ENABLE_NS_ASSERTIONS = NO;
				ENABLE_STRICT_OBJC_MSGSEND = YES;
				GCC_C_LANGUAGE_STANDARD = gnu11;
				GCC_NO_COMMON_BLOCKS = YES;
				GCC_WARN_64_TO_32_BIT_CONVERSION = YES;
				GCC_WARN_ABOUT_RETURN_TYPE = YES_ERROR;
				GCC_WARN_UNDECLARED_SELECTOR = YES;
				GCC_WARN_UNINITIALIZED_AUTOS = YES_AGGRESSIVE;
				GCC_WARN_UNUSED_FUNCTION = YES;
				GCC_WARN_UNUSED_VARIABLE = YES;
				IPHONEOS_DEPLOYMENT_TARGET = 12.0;
				MTL_ENABLE_DEBUG_INFO = NO;
				MTL_FAST_MATH = YES;
				SDKROOT = iphoneos;
				SWIFT_COMPILATION_MODE = wholemodule;
				SWIFT_OPTIMIZATION_LEVEL = "-O";
				VALIDATE_PRODUCT = YES;
			};
			name = Release;
		};
		FF4A2A5C276DD1C700602E30 /* Debug */ = {
			isa = XCBuildConfiguration;
			baseConfigurationReference = 8F2816EE792B9CA54ACD5584 /* Pods-Expense Tracker.debug.xcconfig */;
			buildSettings = {
				ASSETCATALOG_COMPILER_APPICON_NAME = AppIcon;
				ASSETCATALOG_COMPILER_GLOBAL_ACCENT_COLOR_NAME = AccentColor;
				CODE_SIGN_STYLE = Automatic;
				CURRENT_PROJECT_VERSION = 1;
				DEVELOPMENT_TEAM = 8NC6U99UF7;
				GENERATE_INFOPLIST_FILE = YES;
				INFOPLIST_FILE = "Expense Tracker/App/Info.plist";
				INFOPLIST_KEY_UIApplicationSupportsIndirectInputEvents = YES;
				INFOPLIST_KEY_UILaunchStoryboardName = LaunchScreen;
				INFOPLIST_KEY_UIMainStoryboardFile = Home;
				INFOPLIST_KEY_UISupportedInterfaceOrientations_iPad = "UIInterfaceOrientationPortrait UIInterfaceOrientationPortraitUpsideDown UIInterfaceOrientationLandscapeLeft UIInterfaceOrientationLandscapeRight";
				INFOPLIST_KEY_UISupportedInterfaceOrientations_iPhone = "UIInterfaceOrientationPortrait UIInterfaceOrientationLandscapeLeft UIInterfaceOrientationLandscapeRight";
				IPHONEOS_DEPLOYMENT_TARGET = 15.0;
				LD_RUNPATH_SEARCH_PATHS = (
					"$(inherited)",
					"@executable_path/Frameworks",
				);
				MARKETING_VERSION = 1.0;
				PRODUCT_BUNDLE_IDENTIFIER = com.hhm.expensetracker;
				PRODUCT_NAME = "$(TARGET_NAME)";
				SWIFT_EMIT_LOC_STRINGS = YES;
				SWIFT_VERSION = 5.0;
				TARGETED_DEVICE_FAMILY = "1,2";
			};
			name = Debug;
		};
		FF4A2A5D276DD1C700602E30 /* Release */ = {
			isa = XCBuildConfiguration;
			baseConfigurationReference = 4251AE70804CF4BA4859A0A9 /* Pods-Expense Tracker.release.xcconfig */;
			buildSettings = {
				ASSETCATALOG_COMPILER_APPICON_NAME = AppIcon;
				ASSETCATALOG_COMPILER_GLOBAL_ACCENT_COLOR_NAME = AccentColor;
				CODE_SIGN_STYLE = Automatic;
				CURRENT_PROJECT_VERSION = 1;
				DEVELOPMENT_TEAM = 8NC6U99UF7;
				GENERATE_INFOPLIST_FILE = YES;
				INFOPLIST_FILE = "Expense Tracker/App/Info.plist";
				INFOPLIST_KEY_UIApplicationSupportsIndirectInputEvents = YES;
				INFOPLIST_KEY_UILaunchStoryboardName = LaunchScreen;
				INFOPLIST_KEY_UIMainStoryboardFile = Home;
				INFOPLIST_KEY_UISupportedInterfaceOrientations_iPad = "UIInterfaceOrientationPortrait UIInterfaceOrientationPortraitUpsideDown UIInterfaceOrientationLandscapeLeft UIInterfaceOrientationLandscapeRight";
				INFOPLIST_KEY_UISupportedInterfaceOrientations_iPhone = "UIInterfaceOrientationPortrait UIInterfaceOrientationLandscapeLeft UIInterfaceOrientationLandscapeRight";
				IPHONEOS_DEPLOYMENT_TARGET = 15.0;
				LD_RUNPATH_SEARCH_PATHS = (
					"$(inherited)",
					"@executable_path/Frameworks",
				);
				MARKETING_VERSION = 1.0;
				PRODUCT_BUNDLE_IDENTIFIER = com.hhm.expensetracker;
				PRODUCT_NAME = "$(TARGET_NAME)";
				SWIFT_EMIT_LOC_STRINGS = YES;
				SWIFT_VERSION = 5.0;
				TARGETED_DEVICE_FAMILY = "1,2";
			};
			name = Release;
		};
/* End XCBuildConfiguration section */

/* Begin XCConfigurationList section */
		FF4A2A42276DD1C500602E30 /* Build configuration list for PBXProject "Expense Tracker" */ = {
			isa = XCConfigurationList;
			buildConfigurations = (
				FF4A2A59276DD1C700602E30 /* Debug */,
				FF4A2A5A276DD1C700602E30 /* Release */,
			);
			defaultConfigurationIsVisible = 0;
			defaultConfigurationName = Release;
		};
		FF4A2A5B276DD1C700602E30 /* Build configuration list for PBXNativeTarget "Expense Tracker" */ = {
			isa = XCConfigurationList;
			buildConfigurations = (
				FF4A2A5C276DD1C700602E30 /* Debug */,
				FF4A2A5D276DD1C700602E30 /* Release */,
			);
			defaultConfigurationIsVisible = 0;
			defaultConfigurationName = Release;
		};
/* End XCConfigurationList section */
	};
	rootObject = FF4A2A3F276DD1C500602E30 /* Project object */;
}
